Microsoft Visual Studio Solution File, Format Version 12.00
# Visual Studio Version 17
VisualStudioVersion = 17.5.2.0
MinimumVisualStudioVersion = 10.0.40219.1
Project("{FAE04EC0-301F-11D3-BF4B-00C04F79EFBC}") = "PortfolioApp", "PortfolioApp.csproj", "{4C253CA6-B1DF-8EAF-1D00-CA2A441D7179}"
EndProject
Global
	GlobalSection(SolutionConfigurationPlatforms) = preSolution
		Debug|Any CPU = Debug|Any CPU
		Release|Any CPU = Release|Any CPU
	EndGlobalSection
	GlobalSection(ProjectConfigurationPlatforms) = postSolution
		{4C253CA6-B1DF-8EAF-1D00-CA2A441D7179}.Debug|Any CPU.ActiveCfg = Debug|Any CPU
		{4C253CA6-B1DF-8EAF-1D00-CA2A441D7179}.Debug|Any CPU.Build.0 = Debug|Any CPU
		{4C253CA6-B1DF-8EAF-1D00-CA2A441D7179}.Release|Any CPU.ActiveCfg = Release|Any CPU
		{4C253CA6-B1DF-8EAF-1D00-CA2A441D7179}.Release|Any CPU.Build.0 = Release|Any CPU
	EndGlobalSection
	GlobalSection(SolutionProperties) = preSolution
		HideSolutionNode = FALSE
	EndGlobalSection
	GlobalSection(ExtensibilityGlobals) = postSolution
		SolutionGuid = {3FBE26FC-3E96-4B66-A3F3-78B1B15827D7}
	EndGlobalSection
EndGlobal
